// !$*UTF8*$!
{
	archiveVersion = 1;
	classes = {
	};
	objectVersion = 51;
	objects = {

/* Begin PBXBuildFile section */
		4639941725018371006ED84E /* AppDelegate.swift in Sources */ = {isa = PBXBuildFile; fileRef = 4639941625018371006ED84E /* AppDelegate.swift */; };
		4639941925018371006ED84E /* SceneDelegate.swift in Sources */ = {isa = PBXBuildFile; fileRef = 4639941825018371006ED84E /* SceneDelegate.swift */; };
		4639941B25018371006ED84E /* WeatherViewController.swift in Sources */ = {isa = PBXBuildFile; fileRef = 4639941A25018371006ED84E /* WeatherViewController.swift */; };
		4639941E25018371006ED84E /* Main.storyboard in Resources */ = {isa = PBXBuildFile; fileRef = 4639941C25018371006ED84E /* Main.storyboard */; };
		4639942125018371006ED84E /* Klima.xcdatamodeld in Sources */ = {isa = PBXBuildFile; fileRef = 4639941F25018371006ED84E /* Klima.xcdatamodeld */; };
		4639942325018372006ED84E /* Assets.xcassets in Resources */ = {isa = PBXBuildFile; fileRef = 4639942225018372006ED84E /* Assets.xcassets */; };
		4639942625018372006ED84E /* LaunchScreen.storyboard in Resources */ = {isa = PBXBuildFile; fileRef = 4639942425018372006ED84E /* LaunchScreen.storyboard */; };
		463994312501849C006ED84E /* FavoriteViewController.swift in Sources */ = {isa = PBXBuildFile; fileRef = 463994302501849C006ED84E /* FavoriteViewController.swift */; };
		4639943325019376006ED84E /* WeatherManager.swift in Sources */ = {isa = PBXBuildFile; fileRef = 4639943225019376006ED84E /* WeatherManager.swift */; };
		46399435250193A3006ED84E /* WeatherModel.swift in Sources */ = {isa = PBXBuildFile; fileRef = 46399434250193A3006ED84E /* WeatherModel.swift */; };
		4639943725019423006ED84E /* WeatherData.swift in Sources */ = {isa = PBXBuildFile; fileRef = 4639943625019423006ED84E /* WeatherData.swift */; };
		4639943B2501AB3C006ED84E /* LocationModel.swift in Sources */ = {isa = PBXBuildFile; fileRef = 4639943A2501AB3C006ED84E /* LocationModel.swift */; };
		46399460250445B0006ED84E /* Raspagem.swift in Sources */ = {isa = PBXBuildFile; fileRef = 4639945F250445B0006ED84E /* Raspagem.swift */; };
		4BF7112FE24C523417335D58 /* Pods_Klima.framework in Frameworks */ = {isa = PBXBuildFile; fileRef = 503BD994FC7F4F8DE99EC67B /* Pods_Klima.framework */; };
/* End PBXBuildFile section */

/* Begin PBXFileReference section */
		1F7FD544A9F92076B5F671D2 /* Pods-Klima.debug.xcconfig */ = {isa = PBXFileReference; includeInIndex = 1; lastKnownFileType = text.xcconfig; name = "Pods-Klima.debug.xcconfig"; path = "Target Support Files/Pods-Klima/Pods-Klima.debug.xcconfig"; sourceTree = "<group>"; };
		4639941325018371006ED84E /* Klima.app */ = {isa = PBXFileReference; explicitFileType = wrapper.application; includeInIndex = 0; path = Klima.app; sourceTree = BUILT_PRODUCTS_DIR; };
		4639941625018371006ED84E /* AppDelegate.swift */ = {isa = PBXFileReference; lastKnownFileType = sourcecode.swift; path = AppDelegate.swift; sourceTree = "<group>"; };
		4639941825018371006ED84E /* SceneDelegate.swift */ = {isa = PBXFileReference; lastKnownFileType = sourcecode.swift; path = SceneDelegate.swift; sourceTree = "<group>"; };
		4639941A25018371006ED84E /* WeatherViewController.swift */ = {isa = PBXFileReference; lastKnownFileType = sourcecode.swift; path = WeatherViewController.swift; sourceTree = "<group>"; };
		4639941D25018371006ED84E /* Base */ = {isa = PBXFileReference; lastKnownFileType = file.storyboard; name = Base; path = Base.lproj/Main.storyboard; sourceTree = "<group>"; };
		4639942025018371006ED84E /* Klima.xcdatamodel */ = {isa = PBXFileReference; lastKnownFileType = wrapper.xcdatamodel; path = Klima.xcdatamodel; sourceTree = "<group>"; };
		4639942225018372006ED84E /* Assets.xcassets */ = {isa = PBXFileReference; lastKnownFileType = folder.assetcatalog; path = Assets.xcassets; sourceTree = "<group>"; };
		4639942525018372006ED84E /* Base */ = {isa = PBXFileReference; lastKnownFileType = file.storyboard; name = Base; path = Base.lproj/LaunchScreen.storyboard; sourceTree = "<group>"; };
		4639942725018372006ED84E /* Info.plist */ = {isa = PBXFileReference; lastKnownFileType = text.plist.xml; path = Info.plist; sourceTree = "<group>"; };
		463994302501849C006ED84E /* FavoriteViewController.swift */ = {isa = PBXFileReference; lastKnownFileType = sourcecode.swift; path = FavoriteViewController.swift; sourceTree = "<group>"; };
		4639943225019376006ED84E /* WeatherManager.swift */ = {isa = PBXFileReference; lastKnownFileType = sourcecode.swift; path = WeatherManager.swift; sourceTree = "<group>"; };
		46399434250193A3006ED84E /* WeatherModel.swift */ = {isa = PBXFileReference; lastKnownFileType = sourcecode.swift; path = WeatherModel.swift; sourceTree = "<group>"; };
		4639943625019423006ED84E /* WeatherData.swift */ = {isa = PBXFileReference; lastKnownFileType = sourcecode.swift; path = WeatherData.swift; sourceTree = "<group>"; };
		4639943A2501AB3C006ED84E /* LocationModel.swift */ = {isa = PBXFileReference; lastKnownFileType = sourcecode.swift; path = LocationModel.swift; sourceTree = "<group>"; };
		4639945F250445B0006ED84E /* Raspagem.swift */ = {isa = PBXFileReference; lastKnownFileType = sourcecode.swift; path = Raspagem.swift; sourceTree = "<group>"; };
		503BD994FC7F4F8DE99EC67B /* Pods_Klima.framework */ = {isa = PBXFileReference; explicitFileType = wrapper.framework; includeInIndex = 0; path = Pods_Klima.framework; sourceTree = BUILT_PRODUCTS_DIR; };
		83B0457EFA616DD59424EC34 /* Pods-Klima.release.xcconfig */ = {isa = PBXFileReference; includeInIndex = 1; lastKnownFileType = text.xcconfig; name = "Pods-Klima.release.xcconfig"; path = "Target Support Files/Pods-Klima/Pods-Klima.release.xcconfig"; sourceTree = "<group>"; };
/* End PBXFileReference section */

/* Begin PBXFrameworksBuildPhase section */
		4639941025018371006ED84E /* Frameworks */ = {
			isa = PBXFrameworksBuildPhase;
			buildActionMask = 2147483647;
			files = (
				4BF7112FE24C523417335D58 /* Pods_Klima.framework in Frameworks */,
			);
			runOnlyForDeploymentPostprocessing = 0;
		};
/* End PBXFrameworksBuildPhase section */

/* Begin PBXGroup section */
		12EFC87DFFA4939A35A9421D /* Pods */ = {
			isa = PBXGroup;
			children = (
				1F7FD544A9F92076B5F671D2 /* Pods-Klima.debug.xcconfig */,
				83B0457EFA616DD59424EC34 /* Pods-Klima.release.xcconfig */,
			);
			path = Pods;
			sourceTree = "<group>";
		};
		4639940A25018371006ED84E = {
			isa = PBXGroup;
			children = (
				4639941525018371006ED84E /* Klima */,
				4639941425018371006ED84E /* Products */,
				12EFC87DFFA4939A35A9421D /* Pods */,
				57F5E7FDB8A394A08845F2BB /* Frameworks */,
			);
			sourceTree = "<group>";
		};
		4639941425018371006ED84E /* Products */ = {
			isa = PBXGroup;
			children = (
				4639941325018371006ED84E /* Klima.app */,
			);
			name = Products;
			sourceTree = "<group>";
		};
		4639941525018371006ED84E /* Klima */ = {
			isa = PBXGroup;
			children = (
				4639941625018371006ED84E /* AppDelegate.swift */,
				4639941825018371006ED84E /* SceneDelegate.swift */,
				4639942E250183C7006ED84E /* Model */,
				4639942F250183CD006ED84E /* View */,
				4639942D250183B9006ED84E /* Controller */,
				4639942225018372006ED84E /* Assets.xcassets */,
				4639942425018372006ED84E /* LaunchScreen.storyboard */,
				4639942725018372006ED84E /* Info.plist */,
				4639941F25018371006ED84E /* Klima.xcdatamodeld */,
			);
			path = Klima;
			sourceTree = "<group>";
		};
		4639942D250183B9006ED84E /* Controller */ = {
			isa = PBXGroup;
			children = (
				4639941A25018371006ED84E /* WeatherViewController.swift */,
				463994302501849C006ED84E /* FavoriteViewController.swift */,
			);
			path = Controller;
			sourceTree = "<group>";
		};
		4639942E250183C7006ED84E /* Model */ = {
			isa = PBXGroup;
			children = (
				4639943225019376006ED84E /* WeatherManager.swift */,
				46399434250193A3006ED84E /* WeatherModel.swift */,
				4639943625019423006ED84E /* WeatherData.swift */,
				4639943A2501AB3C006ED84E /* LocationModel.swift */,
				4639945F250445B0006ED84E /* Raspagem.swift */,
			);
			path = Model;
			sourceTree = "<group>";
		};
		4639942F250183CD006ED84E /* View */ = {
			isa = PBXGroup;
			children = (
				4639941C25018371006ED84E /* Main.storyboard */,
			);
			path = View;
			sourceTree = "<group>";
		};
		57F5E7FDB8A394A08845F2BB /* Frameworks */ = {
			isa = PBXGroup;
			children = (
				503BD994FC7F4F8DE99EC67B /* Pods_Klima.framework */,
			);
			name = Frameworks;
			sourceTree = "<group>";
		};
/* End PBXGroup section */

/* Begin PBXNativeTarget section */
		4639941225018371006ED84E /* Klima */ = {
			isa = PBXNativeTarget;
			buildConfigurationList = 4639942A25018372006ED84E /* Build configuration list for PBXNativeTarget "Klima" */;
			buildPhases = (
				71CEA8E935E3798C4FAE0038 /* [CP] Check Pods Manifest.lock */,
				4639940F25018371006ED84E /* Sources */,
				4639941025018371006ED84E /* Frameworks */,
				4639941125018371006ED84E /* Resources */,
				458699E812290F35EE71E418 /* [CP] Embed Pods Frameworks */,
			);
			buildRules = (
			);
			dependencies = (
			);
			name = Klima;
			productName = Klima;
			productReference = 4639941325018371006ED84E /* Klima.app */;
			productType = "com.apple.product-type.application";
		};
/* End PBXNativeTarget section */

/* Begin PBXProject section */
		4639940B25018371006ED84E /* Project object */ = {
			isa = PBXProject;
			attributes = {
				LastSwiftUpdateCheck = 1170;
				LastUpgradeCheck = 1170;
				ORGANIZATIONNAME = "Rafael Plinio";
				TargetAttributes = {
					4639941225018371006ED84E = {
						CreatedOnToolsVersion = 11.7;
					};
				};
			};
			buildConfigurationList = 4639940E25018371006ED84E /* Build configuration list for PBXProject "Klima" */;
			compatibilityVersion = "Xcode 9.3";
			developmentRegion = en;
			hasScannedForEncodings = 0;
			knownRegions = (
				en,
				Base,
			);
			mainGroup = 4639940A25018371006ED84E;
			productRefGroup = 4639941425018371006ED84E /* Products */;
			projectDirPath = "";
			projectRoot = "";
			targets = (
				4639941225018371006ED84E /* Klima */,
			);
		};
/* End PBXProject section */

/* Begin PBXResourcesBuildPhase section */
		4639941125018371006ED84E /* Resources */ = {
			isa = PBXResourcesBuildPhase;
			buildActionMask = 2147483647;
			files = (
				4639942625018372006ED84E /* LaunchScreen.storyboard in Resources */,
				4639942325018372006ED84E /* Assets.xcassets in Resources */,
				4639941E25018371006ED84E /* Main.storyboard in Resources */,
			);
			runOnlyForDeploymentPostprocessing = 0;
		};
/* End PBXResourcesBuildPhase section */

/* Begin PBXShellScriptBuildPhase section */
		458699E812290F35EE71E418 /* [CP] Embed Pods Frameworks */ = {
			isa = PBXShellScriptBuildPhase;
			buildActionMask = 2147483647;
			files = (
			);
			inputFileListPaths = (
				"${PODS_ROOT}/Target Support Files/Pods-Klima/Pods-Klima-frameworks-${CONFIGURATION}-input-files.xcfilelist",
			);
			name = "[CP] Embed Pods Frameworks";
			outputFileListPaths = (
				"${PODS_ROOT}/Target Support Files/Pods-Klima/Pods-Klima-frameworks-${CONFIGURATION}-output-files.xcfilelist",
			);
			runOnlyForDeploymentPostprocessing = 0;
			shellPath = /bin/sh;
			shellScript = "\"${PODS_ROOT}/Target Support Files/Pods-Klima/Pods-Klima-frameworks.sh\"\n";
			showEnvVarsInLog = 0;
		};
		71CEA8E935E3798C4FAE0038 /* [CP] Check Pods Manifest.lock */ = {
			isa = PBXShellScriptBuildPhase;
			buildActionMask = 2147483647;
			files = (
			);
			inputFileListPaths = (
			);
			inputPaths = (
				"${PODS_PODFILE_DIR_PATH}/Podfile.lock",
				"${PODS_ROOT}/Manifest.lock",
			);
			name = "[CP] Check Pods Manifest.lock";
			outputFileListPaths = (
			);
			outputPaths = (
				"$(DERIVED_FILE_DIR)/Pods-Klima-checkManifestLockResult.txt",
			);
			runOnlyForDeploymentPostprocessing = 0;
			shellPath = /bin/sh;
			shellScript = "diff \"${PODS_PODFILE_DIR_PATH}/Podfile.lock\" \"${PODS_ROOT}/Manifest.lock\" > /dev/null\nif [ $? != 0 ] ; then\n    # print error to STDERR\n    echo \"error: The sandbox is not in sync with the Podfile.lock. Run 'pod install' or update your CocoaPods installation.\" >&2\n    exit 1\nfi\n# This output is used by Xcode 'outputs' to avoid re-running this script phase.\necho \"SUCCESS\" > \"${SCRIPT_OUTPUT_FILE_0}\"\n";
			showEnvVarsInLog = 0;
		};
/* End PBXShellScriptBuildPhase section */

/* Begin PBXSourcesBuildPhase section */
		4639940F25018371006ED84E /* Sources */ = {
			isa = PBXSourcesBuildPhase;
			buildActionMask = 2147483647;
			files = (
				4639943325019376006ED84E /* WeatherManager.swift in Sources */,
				4639942125018371006ED84E /* Klima.xcdatamodeld in Sources */,
				4639941B25018371006ED84E /* WeatherViewController.swift in Sources */,
				46399435250193A3006ED84E /* WeatherModel.swift in Sources */,
				4639943B2501AB3C006ED84E /* LocationModel.swift in Sources */,
				4639941725018371006ED84E /* AppDelegate.swift in Sources */,
				4639941925018371006ED84E /* SceneDelegate.swift in Sources */,
				4639943725019423006ED84E /* WeatherData.swift in Sources */,
				463994312501849C006ED84E /* FavoriteViewController.swift in Sources */,
				46399460250445B0006ED84E /* Raspagem.swift in Sources */,
			);
			runOnlyForDeploymentPostprocessing = 0;
		};
/* End PBXSourcesBuildPhase section */

/* Begin PBXVariantGroup section */
		4639941C25018371006ED84E /* Main.storyboard */ = {
			isa = PBXVariantGroup;
			children = (
				4639941D25018371006ED84E /* Base */,
			);
			name = Main.storyboard;
			sourceTree = "<group>";
		};
		4639942425018372006ED84E /* LaunchScreen.storyboard */ = {
			isa = PBXVariantGroup;
			children = (
				4639942525018372006ED84E /* Base */,
			);
			name = LaunchScreen.storyboard;
			sourceTree = "<group>";
		};
/* End PBXVariantGroup section */

/* Begin XCBuildConfiguration section */
		4639942825018372006ED84E /* Debug */ = {
			isa = XCBuildConfiguration;
			buildSettings = {
				ALWAYS_SEARCH_USER_PATHS = NO;
				CLANG_ANALYZER_NONNULL = YES;
				CLANG_ANALYZER_NUMBER_OBJECT_CONVERSION = YES_AGGRESSIVE;
				CLANG_CXX_LANGUAGE_STANDARD = "gnu++14";
				CLANG_CXX_LIBRARY = "libc++";
				CLANG_ENABLE_MODULES = YES;
				CLANG_ENABLE_OBJC_ARC = YES;
				CLANG_ENABLE_OBJC_WEAK = YES;
				CLANG_WARN_BLOCK_CAPTURE_AUTORELEASING = YES;
				CLANG_WARN_BOOL_CONVERSION = YES;
				CLANG_WARN_COMMA = YES;
				CLANG_WARN_CONSTANT_CONVERSION = YES;
				CLANG_WARN_DEPRECATED_OBJC_IMPLEMENTATIONS = YES;
				CLANG_WARN_DIRECT_OBJC_ISA_USAGE = YES_ERROR;
				CLANG_WARN_DOCUMENTATION_COMMENTS = YES;
				CLANG_WARN_EMPTY_BODY = YES;
				CLANG_WARN_ENUM_CONVERSION = YES;
				CLANG_WARN_INFINITE_RECURSION = YES;
				CLANG_WARN_INT_CONVERSION = YES;
				CLANG_WARN_NON_LITERAL_NULL_CONVERSION = YES;
				CLANG_WARN_OBJC_IMPLICIT_RETAIN_SELF = YES;
				CLANG_WARN_OBJC_LITERAL_CONVERSION = YES;
				CLANG_WARN_OBJC_ROOT_CLASS = YES_ERROR;
				CLANG_WARN_RANGE_LOOP_ANALYSIS = YES;
				CLANG_WARN_STRICT_PROTOTYPES = YES;
				CLANG_WARN_SUSPICIOUS_MOVE = YES;
				CLANG_WARN_UNGUARDED_AVAILABILITY = YES_AGGRESSIVE;
				CLANG_WARN_UNREACHABLE_CODE = YES;
				CLANG_WARN__DUPLICATE_METHOD_MATCH = YES;
				COPY_PHASE_STRIP = NO;
				DEBUG_INFORMATION_FORMAT = dwarf;
				ENABLE_STRICT_OBJC_MSGSEND = YES;
				ENABLE_TESTABILITY = YES;
				GCC_C_LANGUAGE_STANDARD = gnu11;
				GCC_DYNAMIC_NO_PIC = NO;
				GCC_NO_COMMON_BLOCKS = YES;
				GCC_OPTIMIZATION_LEVEL = 0;
				GCC_PREPROCESSOR_DEFINITIONS = (
					"DEBUG=1",
					"$(inherited)",
				);
				GCC_WARN_64_TO_32_BIT_CONVERSION = YES;
				GCC_WARN_ABOUT_RETURN_TYPE = YES_ERROR;
				GCC_WARN_UNDECLARED_SELECTOR = YES;
				GCC_WARN_UNINITIALIZED_AUTOS = YES_AGGRESSIVE;
				GCC_WARN_UNUSED_FUNCTION = YES;
				GCC_WARN_UNUSED_VARIABLE = YES;
				IPHONEOS_DEPLOYMENT_TARGET = 13.7;
				MTL_ENABLE_DEBUG_INFO = INCLUDE_SOURCE;
				MTL_FAST_MATH = YES;
				ONLY_ACTIVE_ARCH = YES;
				SDKROOT = iphoneos;
				SWIFT_ACTIVE_COMPILATION_CONDITIONS = DEBUG;
				SWIFT_OPTIMIZATION_LEVEL = "-Onone";
			};
			name = Debug;
		};
		4639942925018372006ED84E /* Release */ = {
			isa = XCBuildConfiguration;
			buildSettings = {
				ALWAYS_SEARCH_USER_PATHS = NO;
				CLANG_ANALYZER_NONNULL = YES;
				CLANG_ANALYZER_NUMBER_OBJECT_CONVERSION = YES_AGGRESSIVE;
				CLANG_CXX_LANGUAGE_STANDARD = "gnu++14";
				CLANG_CXX_LIBRARY = "libc++";
				CLANG_ENABLE_MODULES = YES;
				CLANG_ENABLE_OBJC_ARC = YES;
				CLANG_ENABLE_OBJC_WEAK = YES;
				CLANG_WARN_BLOCK_CAPTURE_AUTORELEASING = YES;
				CLANG_WARN_BOOL_CONVERSION = YES;
				CLANG_WARN_COMMA = YES;
				CLANG_WARN_CONSTANT_CONVERSION = YES;
				CLANG_WARN_DEPRECATED_OBJC_IMPLEMENTATIONS = YES;
				CLANG_WARN_DIRECT_OBJC_ISA_USAGE = YES_ERROR;
				CLANG_WARN_DOCUMENTATION_COMMENTS = YES;
				CLANG_WARN_EMPTY_BODY = YES;
				CLANG_WARN_ENUM_CONVERSION = YES;
				CLANG_WARN_INFINITE_RECURSION = YES;
				CLANG_WARN_INT_CONVERSION = YES;
				CLANG_WARN_NON_LITERAL_NULL_CONVERSION = YES;
				CLANG_WARN_OBJC_IMPLICIT_RETAIN_SELF = YES;
				CLANG_WARN_OBJC_LITERAL_CONVERSION = YES;
				CLANG_WARN_OBJC_ROOT_CLASS = YES_ERROR;
				CLANG_WARN_RANGE_LOOP_ANALYSIS = YES;
				CLANG_WARN_STRICT_PROTOTYPES = YES;
				CLANG_WARN_SUSPICIOUS_MOVE = YES;
				CLANG_WARN_UNGUARDED_AVAILABILITY = YES_AGGRESSIVE;
				CLANG_WARN_UNREACHABLE_CODE = YES;
				CLANG_WARN__DUPLICATE_METHOD_MATCH = YES;
				COPY_PHASE_STRIP = NO;
				DEBUG_INFORMATION_FORMAT = "dwarf-with-dsym";
				ENABLE_NS_ASSERTIONS = NO;
				ENABLE_STRICT_OBJC_MSGSEND = YES;
				GCC_C_LANGUAGE_STANDARD = gnu11;
				GCC_NO_COMMON_BLOCKS = YES;
				GCC_WARN_64_TO_32_BIT_CONVERSION = YES;
				GCC_WARN_ABOUT_RETURN_TYPE = YES_ERROR;
				GCC_WARN_UNDECLARED_SELECTOR = YES;
				GCC_WARN_UNINITIALIZED_AUTOS = YES_AGGRESSIVE;
				GCC_WARN_UNUSED_FUNCTION = YES;
				GCC_WARN_UNUSED_VARIABLE = YES;
				IPHONEOS_DEPLOYMENT_TARGET = 13.7;
				MTL_ENABLE_DEBUG_INFO = NO;
				MTL_FAST_MATH = YES;
				SDKROOT = iphoneos;
				SWIFT_COMPILATION_MODE = wholemodule;
				SWIFT_OPTIMIZATION_LEVEL = "-O";
				VALIDATE_PRODUCT = YES;
			};
			name = Release;
		};
		4639942B25018372006ED84E /* Debug */ = {
			isa = XCBuildConfiguration;
			baseConfigurationReference = 1F7FD544A9F92076B5F671D2 /* Pods-Klima.debug.xcconfig */;
			buildSettings = {
				ASSETCATALOG_COMPILER_APPICON_NAME = AppIcon;
				CODE_SIGN_STYLE = Automatic;
				DEVELOPMENT_TEAM = 3XA87D77BQ;
				INFOPLIST_FILE = Klima/Info.plist;
				LD_RUNPATH_SEARCH_PATHS = (
					"$(inherited)",
					"@executable_path/Frameworks",
				);
				PRODUCT_BUNDLE_IDENTIFIER = com.rafaelplinio.Klima;
				PRODUCT_NAME = "$(TARGET_NAME)";
				SWIFT_VERSION = 5.0;
				TARGETED_DEVICE_FAMILY = "1,2";
			};
			name = Debug;
		};
		4639942C25018372006ED84E /* Release */ = {
			isa = XCBuildConfiguration;
			baseConfigurationReference = 83B0457EFA616DD59424EC34 /* Pods-Klima.release.xcconfig */;
			buildSettings = {
				ASSETCATALOG_COMPILER_APPICON_NAME = AppIcon;
				CODE_SIGN_STYLE = Automatic;
				DEVELOPMENT_TEAM = 3XA87D77BQ;
				INFOPLIST_FILE = Klima/Info.plist;
				LD_RUNPATH_SEARCH_PATHS = (
					"$(inherited)",
					"@executable_path/Frameworks",
				);
				PRODUCT_BUNDLE_IDENTIFIER = com.rafaelplinio.Klima;
				PRODUCT_NAME = "$(TARGET_NAME)";
				SWIFT_VERSION = 5.0;
				TARGETED_DEVICE_FAMILY = "1,2";
			};
			name = Release;
		};
/* End XCBuildConfiguration section */

/* Begin XCConfigurationList section */
		4639940E25018371006ED84E /* Build configuration list for PBXProject "Klima" */ = {
			isa = XCConfigurationList;
			buildConfigurations = (
				4639942825018372006ED84E /* Debug */,
				4639942925018372006ED84E /* Release */,
			);
			defaultConfigurationIsVisible = 0;
			defaultConfigurationName = Release;
		};
		4639942A25018372006ED84E /* Build configuration list for PBXNativeTarget "Klima" */ = {
			isa = XCConfigurationList;
			buildConfigurations = (
				4639942B25018372006ED84E /* Debug */,
				4639942C25018372006ED84E /* Release */,
			);
			defaultConfigurationIsVisible = 0;
			defaultConfigurationName = Release;
		};
/* End XCConfigurationList section */

/* Begin XCVersionGroup section */
		4639941F25018371006ED84E /* Klima.xcdatamodeld */ = {
			isa = XCVersionGroup;
			children = (
				4639942025018371006ED84E /* Klima.xcdatamodel */,
			);
			currentVersion = 4639942025018371006ED84E /* Klima.xcdatamodel */;
			path = Klima.xcdatamodeld;
			sourceTree = "<group>";
			versionGroupType = wrapper.xcdatamodel;
		};
/* End XCVersionGroup section */
	};
	rootObject = 4639940B25018371006ED84E /* Project object */;
}
